
Microsoft Visual Studio Solution File, Format Version 12.00
# Visual Studio 15
VisualStudioVersion = 15.0.27428.2027
MinimumVisualStudioVersion = 10.0.40219.1
Project("{FAE04EC0-301F-11D3-BF4B-00C04F79EFBC}") = "TeamProject2", "TeamProject2\TeamProject2.csproj", "{DA8C40C6-AC64-4443-B0B7-7F6492CCAC25}"
EndProject
Global
	GlobalSection(SolutionConfigurationPlatforms) = preSolution
		Debug|Any CPU = Debug|Any CPU
		Release|Any CPU = Release|Any CPU
	EndGlobalSection
	GlobalSection(ProjectConfigurationPlatforms) = postSolution
		{DA8C40C6-AC64-4443-B0B7-7F6492CCAC25}.Debug|Any CPU.ActiveCfg = Debug|Any CPU
		{DA8C40C6-AC64-4443-B0B7-7F6492CCAC25}.Debug|Any CPU.Build.0 = Debug|Any CPU
		{DA8C40C6-AC64-4443-B0B7-7F6492CCAC25}.Release|Any CPU.ActiveCfg = Release|Any CPU
		{DA8C40C6-AC64-4443-B0B7-7F6492CCAC25}.Release|Any CPU.Build.0 = Release|Any CPU
	EndGlobalSection
	GlobalSection(SolutionProperties) = preSolution
		HideSolutionNode = FALSE
	EndGlobalSection
	GlobalSection(ExtensibilityGlobals) = postSolution
		SolutionGuid = {AB501F4C-2F7E-4954-AEA2-D23E6114C1CB}
	EndGlobalSection
EndGlobal
